<?xml version="1.0" encoding="UTF-8" standalone="yes" ?>
<CodeBlocks_project_file>
	<FileVersion major="1" minor="6" />
	<Project>
		<Option title="ChessRPG" />
		<Option pch_mode="2" />
		<Option compiler="gcc" />
		<Build>
			<Target title="Debug">
				<Option output="bin/ChessRPG" prefix_auto="1" extension_auto="1" />
				<Option object_output="obj/" />
				<Option type="1" />
				<Option compiler="gcc" />
				<Compiler>
					<Add option="-g" />
				</Compiler>
				<Linker>
					<Add option="-lncurses" />
					<Add option="-lSDL" />
					<Add option="-lSDL_ttf" />
					<Add option="-lSDL_image" />
				</Linker>
			</Target>
		</Build>
		<Compiler>
			<Add option="-Wall" />
			<Add option="-DJEU_SDL" />
		</Compiler>
		<Linker>
			<Add option="-lncurses" />
			<Add option="-lSDL" />
			<Add option="-lSDL_ttf" />
			<Add option="-lSDL_image" />
		</Linker>
		<Unit filename="src/afficheNCURSES.c">
			<Option compilerVar="CC" />
		</Unit>
		<Unit filename="src/afficheNCURSES.h" />
		<Unit filename="src/afficheSDL.c">
			<Option compilerVar="CC" />
		</Unit>
		<Unit filename="src/afficheSDL.h" />
		<Unit filename="src/case.c">
			<Option compilerVar="CC" />
		</Unit>
		<Unit filename="src/case.h" />
		<Unit filename="src/couleur.c">
			<Option compilerVar="CC" />
		</Unit>
		<Unit filename="src/couleur.h" />
		<Unit filename="src/jeu.c">
			<Option compilerVar="CC" />
		</Unit>
		<Unit filename="src/jeu.h" />
		<Unit filename="src/joueur.c">
			<Option compilerVar="CC" />
		</Unit>
		<Unit filename="src/joueur.h" />
		<Unit filename="src/main.c">
			<Option compilerVar="CC" />
		</Unit>
		<Unit filename="src/piece.c">
			<Option compilerVar="CC" />
		</Unit>
		<Unit filename="src/piece.h" />
		<Unit filename="src/plateau.c">
			<Option compilerVar="CC" />
		</Unit>
		<Unit filename="src/plateau.h" />
		<Extensions>
			<code_completion />
			<envvars />
			<debugger />
		</Extensions>
	</Project>
</CodeBlocks_project_file>
